
Microsoft Visual Studio Solution File, Format Version 12.00
# Visual Studio Version 17
VisualStudioVersion = 17.3.32901.215
MinimumVisualStudioVersion = 10.0.40219.1
Project("{FAE04EC0-301F-11D3-BF4B-00C04F79EFBC}") = "FisherYates", "FisherYates\FisherYates.csproj", "{0DD454F3-876A-41D5-9638-D7AF835A3353}"
EndProject
Global
	GlobalSection(SolutionConfigurationPlatforms) = preSolution
		Debug|Any CPU = Debug|Any CPU
		Release|Any CPU = Release|Any CPU
	EndGlobalSection
	GlobalSection(ProjectConfigurationPlatforms) = postSolution
		{0DD454F3-876A-41D5-9638-D7AF835A3353}.Debug|Any CPU.ActiveCfg = Debug|Any CPU
		{0DD454F3-876A-41D5-9638-D7AF835A3353}.Debug|Any CPU.Build.0 = Debug|Any CPU
		{0DD454F3-876A-41D5-9638-D7AF835A3353}.Release|Any CPU.ActiveCfg = Release|Any CPU
		{0DD454F3-876A-41D5-9638-D7AF835A3353}.Release|Any CPU.Build.0 = Release|Any CPU
	EndGlobalSection
	GlobalSection(SolutionProperties) = preSolution
		HideSolutionNode = FALSE
	EndGlobalSection
	GlobalSection(ExtensibilityGlobals) = postSolution
		SolutionGuid = {AEE34AB7-1EA9-4216-80A1-8BF5639651EB}
	EndGlobalSection
EndGlobal
